// !$*UTF8*$!
{
	archiveVersion = 1;
	classes = {
	};
	objectVersion = 50;
	objects = {

/* Begin PBXBuildFile section */
		1828F92D21DEF72600ADE215 /* main.m in Sources */ = {isa = PBXBuildFile; fileRef = 1828F92C21DEF72600ADE215 /* main.m */; };
		1828F93821DEF7E400ADE215 /* YMSearchFileService.m in Sources */ = {isa = PBXBuildFile; fileRef = 1828F93721DEF7E400ADE215 /* YMSearchFileService.m */; };
		1828F93B21DEF9F500ADE215 /* YMFileMode.m in Sources */ = {isa = PBXBuildFile; fileRef = 1828F93A21DEF9F500ADE215 /* YMFileMode.m */; };
		1828F93E21DEFB2400ADE215 /* YMXcodeProjectFileService.m in Sources */ = {isa = PBXBuildFile; fileRef = 1828F93D21DEFB2400ADE215 /* YMXcodeProjectFileService.m */; };
		1828F94121DF000400ADE215 /* YMParserFileService.m in Sources */ = {isa = PBXBuildFile; fileRef = 1828F94021DF000400ADE215 /* YMParserFileService.m */; };
		18BB152421DF25540043CBA6 /* YMProjectMode.m in Sources */ = {isa = PBXBuildFile; fileRef = 18BB152321DF25540043CBA6 /* YMProjectMode.m */; };
		6D88417621E06C7F00DB8B27 /* GMLFileGroupingService.m in Sources */ = {isa = PBXBuildFile; fileRef = 6D88417521E06C7F00DB8B27 /* GMLFileGroupingService.m */; };
		6D88417921E06D6500DB8B27 /* GMLDeleteFileService.m in Sources */ = {isa = PBXBuildFile; fileRef = 6D88417821E06D6500DB8B27 /* GMLDeleteFileService.m */; };
		6D88417E21E07F9B00DB8B27 /* GMLFileConstants.m in Sources */ = {isa = PBXBuildFile; fileRef = 6D88417D21E07F9B00DB8B27 /* GMLFileConstants.m */; };
		6D88418121E088AC00DB8B27 /* GMLLogService.m in Sources */ = {isa = PBXBuildFile; fileRef = 6D88418021E088AC00DB8B27 /* GMLLogService.m */; };
		6D88418421E0A1B400DB8B27 /* GMLFilterService.m in Sources */ = {isa = PBXBuildFile; fileRef = 6D88418321E0A1B400DB8B27 /* GMLFilterService.m */; };
		6D88418721E0DAAA00DB8B27 /* GMLFolderGroupingMode.m in Sources */ = {isa = PBXBuildFile; fileRef = 6D88418621E0DAAA00DB8B27 /* GMLFolderGroupingMode.m */; };
		6D88418F21E0F7F100DB8B27 /* GMLProjectGroupingHelper.m in Sources */ = {isa = PBXBuildFile; fileRef = 6D88418E21E0F7F100DB8B27 /* GMLProjectGroupingHelper.m */; };
		6DBB5A5321E1C4D200305AB9 /* GMLFileService.m in Sources */ = {isa = PBXBuildFile; fileRef = 6DBB5A5221E1C4D200305AB9 /* GMLFileService.m */; };
		6DBB5A5621E1C5FB00305AB9 /* GMLFolderService.m in Sources */ = {isa = PBXBuildFile; fileRef = 6DBB5A5521E1C5FB00305AB9 /* GMLFolderService.m */; };
		6DBB5A5921E211BB00305AB9 /* GMLFileMode.m in Sources */ = {isa = PBXBuildFile; fileRef = 6DBB5A5821E211BB00305AB9 /* GMLFileMode.m */; };
		6DBB5A5D21E2161300305AB9 /* NSString+GMLPathTools.m in Sources */ = {isa = PBXBuildFile; fileRef = 6DBB5A5C21E2161300305AB9 /* NSString+GMLPathTools.m */; };
/* End PBXBuildFile section */

/* Begin PBXCopyFilesBuildPhase section */
		1828F92721DEF72600ADE215 /* CopyFiles */ = {
			isa = PBXCopyFilesBuildPhase;
			buildActionMask = 2147483647;
			dstPath = /usr/share/man/man1/;
			dstSubfolderSpec = 0;
			files = (
			);
			runOnlyForDeploymentPostprocessing = 1;
		};
/* End PBXCopyFilesBuildPhase section */

/* Begin PBXFileReference section */
		1828F92921DEF72600ADE215 /* YMSearchFile */ = {isa = PBXFileReference; explicitFileType = "compiled.mach-o.executable"; includeInIndex = 0; path = YMSearchFile; sourceTree = BUILT_PRODUCTS_DIR; };
		1828F92C21DEF72600ADE215 /* main.m */ = {isa = PBXFileReference; lastKnownFileType = sourcecode.c.objc; path = main.m; sourceTree = "<group>"; };
		1828F93621DEF7E400ADE215 /* YMSearchFileService.h */ = {isa = PBXFileReference; lastKnownFileType = sourcecode.c.h; path = YMSearchFileService.h; sourceTree = "<group>"; };
		1828F93721DEF7E400ADE215 /* YMSearchFileService.m */ = {isa = PBXFileReference; lastKnownFileType = sourcecode.c.objc; path = YMSearchFileService.m; sourceTree = "<group>"; };
		1828F93921DEF9F500ADE215 /* YMFileMode.h */ = {isa = PBXFileReference; lastKnownFileType = sourcecode.c.h; path = YMFileMode.h; sourceTree = "<group>"; };
		1828F93A21DEF9F500ADE215 /* YMFileMode.m */ = {isa = PBXFileReference; lastKnownFileType = sourcecode.c.objc; path = YMFileMode.m; sourceTree = "<group>"; };
		1828F93C21DEFB2400ADE215 /* YMXcodeProjectFileService.h */ = {isa = PBXFileReference; lastKnownFileType = sourcecode.c.h; path = YMXcodeProjectFileService.h; sourceTree = "<group>"; };
		1828F93D21DEFB2400ADE215 /* YMXcodeProjectFileService.m */ = {isa = PBXFileReference; lastKnownFileType = sourcecode.c.objc; path = YMXcodeProjectFileService.m; sourceTree = "<group>"; };
		1828F93F21DF000400ADE215 /* YMParserFileService.h */ = {isa = PBXFileReference; lastKnownFileType = sourcecode.c.h; path = YMParserFileService.h; sourceTree = "<group>"; };
		1828F94021DF000400ADE215 /* YMParserFileService.m */ = {isa = PBXFileReference; lastKnownFileType = sourcecode.c.objc; path = YMParserFileService.m; sourceTree = "<group>"; };
		18BB152221DF25540043CBA6 /* YMProjectMode.h */ = {isa = PBXFileReference; lastKnownFileType = sourcecode.c.h; path = YMProjectMode.h; sourceTree = "<group>"; };
		18BB152321DF25540043CBA6 /* YMProjectMode.m */ = {isa = PBXFileReference; lastKnownFileType = sourcecode.c.objc; path = YMProjectMode.m; sourceTree = "<group>"; };
		6D88417421E06C7F00DB8B27 /* GMLFileGroupingService.h */ = {isa = PBXFileReference; lastKnownFileType = sourcecode.c.h; path = GMLFileGroupingService.h; sourceTree = "<group>"; };
		6D88417521E06C7F00DB8B27 /* GMLFileGroupingService.m */ = {isa = PBXFileReference; lastKnownFileType = sourcecode.c.objc; path = GMLFileGroupingService.m; sourceTree = "<group>"; };
		6D88417721E06D6500DB8B27 /* GMLDeleteFileService.h */ = {isa = PBXFileReference; lastKnownFileType = sourcecode.c.h; path = GMLDeleteFileService.h; sourceTree = "<group>"; };
		6D88417821E06D6500DB8B27 /* GMLDeleteFileService.m */ = {isa = PBXFileReference; lastKnownFileType = sourcecode.c.objc; path = GMLDeleteFileService.m; sourceTree = "<group>"; };
		6D88417C21E07F9B00DB8B27 /* GMLFileConstants.h */ = {isa = PBXFileReference; lastKnownFileType = sourcecode.c.h; path = GMLFileConstants.h; sourceTree = "<group>"; };
		6D88417D21E07F9B00DB8B27 /* GMLFileConstants.m */ = {isa = PBXFileReference; lastKnownFileType = sourcecode.c.objc; path = GMLFileConstants.m; sourceTree = "<group>"; };
		6D88417F21E088AC00DB8B27 /* GMLLogService.h */ = {isa = PBXFileReference; lastKnownFileType = sourcecode.c.h; path = GMLLogService.h; sourceTree = "<group>"; };
		6D88418021E088AC00DB8B27 /* GMLLogService.m */ = {isa = PBXFileReference; lastKnownFileType = sourcecode.c.objc; path = GMLLogService.m; sourceTree = "<group>"; };
		6D88418221E0A1B400DB8B27 /* GMLFilterService.h */ = {isa = PBXFileReference; lastKnownFileType = sourcecode.c.h; path = GMLFilterService.h; sourceTree = "<group>"; };
		6D88418321E0A1B400DB8B27 /* GMLFilterService.m */ = {isa = PBXFileReference; lastKnownFileType = sourcecode.c.objc; path = GMLFilterService.m; sourceTree = "<group>"; };
		6D88418521E0DAAA00DB8B27 /* GMLFolderGroupingMode.h */ = {isa = PBXFileReference; lastKnownFileType = sourcecode.c.h; path = GMLFolderGroupingMode.h; sourceTree = "<group>"; };
		6D88418621E0DAAA00DB8B27 /* GMLFolderGroupingMode.m */ = {isa = PBXFileReference; lastKnownFileType = sourcecode.c.objc; path = GMLFolderGroupingMode.m; sourceTree = "<group>"; };
		6D88418D21E0F7F100DB8B27 /* GMLProjectGroupingHelper.h */ = {isa = PBXFileReference; lastKnownFileType = sourcecode.c.h; path = GMLProjectGroupingHelper.h; sourceTree = "<group>"; };
		6D88418E21E0F7F100DB8B27 /* GMLProjectGroupingHelper.m */ = {isa = PBXFileReference; lastKnownFileType = sourcecode.c.objc; path = GMLProjectGroupingHelper.m; sourceTree = "<group>"; };
		6DBB5A5121E1C4D200305AB9 /* GMLFileService.h */ = {isa = PBXFileReference; lastKnownFileType = sourcecode.c.h; path = GMLFileService.h; sourceTree = "<group>"; };
		6DBB5A5221E1C4D200305AB9 /* GMLFileService.m */ = {isa = PBXFileReference; lastKnownFileType = sourcecode.c.objc; path = GMLFileService.m; sourceTree = "<group>"; };
		6DBB5A5421E1C5FB00305AB9 /* GMLFolderService.h */ = {isa = PBXFileReference; lastKnownFileType = sourcecode.c.h; path = GMLFolderService.h; sourceTree = "<group>"; };
		6DBB5A5521E1C5FB00305AB9 /* GMLFolderService.m */ = {isa = PBXFileReference; lastKnownFileType = sourcecode.c.objc; path = GMLFolderService.m; sourceTree = "<group>"; };
		6DBB5A5721E211BB00305AB9 /* GMLFileMode.h */ = {isa = PBXFileReference; lastKnownFileType = sourcecode.c.h; path = GMLFileMode.h; sourceTree = "<group>"; };
		6DBB5A5821E211BB00305AB9 /* GMLFileMode.m */ = {isa = PBXFileReference; lastKnownFileType = sourcecode.c.objc; path = GMLFileMode.m; sourceTree = "<group>"; };
		6DBB5A5B21E2161300305AB9 /* NSString+GMLPathTools.h */ = {isa = PBXFileReference; lastKnownFileType = sourcecode.c.h; path = "NSString+GMLPathTools.h"; sourceTree = "<group>"; };
		6DBB5A5C21E2161300305AB9 /* NSString+GMLPathTools.m */ = {isa = PBXFileReference; lastKnownFileType = sourcecode.c.objc; path = "NSString+GMLPathTools.m"; sourceTree = "<group>"; };
		6DBB5A5E21E218DF00305AB9 /* GMLPathDefineTypeHeader.h */ = {isa = PBXFileReference; lastKnownFileType = sourcecode.c.h; path = GMLPathDefineTypeHeader.h; sourceTree = "<group>"; };
/* End PBXFileReference section */

/* Begin PBXFrameworksBuildPhase section */
		1828F92621DEF72600ADE215 /* Frameworks */ = {
			isa = PBXFrameworksBuildPhase;
			buildActionMask = 2147483647;
			files = (
			);
			runOnlyForDeploymentPostprocessing = 0;
		};
/* End PBXFrameworksBuildPhase section */

/* Begin PBXGroup section */
		1828F92021DEF72600ADE215 = {
			isa = PBXGroup;
			children = (
				1828F92B21DEF72600ADE215 /* YMSearchFile */,
				1828F92A21DEF72600ADE215 /* Products */,
			);
			sourceTree = "<group>";
		};
		1828F92A21DEF72600ADE215 /* Products */ = {
			isa = PBXGroup;
			children = (
				1828F92921DEF72600ADE215 /* YMSearchFile */,
			);
			name = Products;
			sourceTree = "<group>";
		};
		1828F92B21DEF72600ADE215 /* YMSearchFile */ = {
			isa = PBXGroup;
			children = (
				1828F92C21DEF72600ADE215 /* main.m */,
				1828F93C21DEFB2400ADE215 /* YMXcodeProjectFileService.h */,
				1828F93D21DEFB2400ADE215 /* YMXcodeProjectFileService.m */,
				6DBB5A5A21E215EC00305AB9 /* NSString+Extension */,
				6D88418C21E0F7D300DB8B27 /* Other */,
				6D88417B21E07F7D00DB8B27 /* Constants */,
				6D88417A21E06D8B00DB8B27 /* Mode */,
				6D88417321E06A4D00DB8B27 /* FileService */,
			);
			path = YMSearchFile;
			sourceTree = "<group>";
		};
		6D88417321E06A4D00DB8B27 /* FileService */ = {
			isa = PBXGroup;
			children = (
				1828F93621DEF7E400ADE215 /* YMSearchFileService.h */,
				1828F93721DEF7E400ADE215 /* YMSearchFileService.m */,
				1828F93F21DF000400ADE215 /* YMParserFileService.h */,
				1828F94021DF000400ADE215 /* YMParserFileService.m */,
				6D88417421E06C7F00DB8B27 /* GMLFileGroupingService.h */,
				6D88417521E06C7F00DB8B27 /* GMLFileGroupingService.m */,
				6D88417721E06D6500DB8B27 /* GMLDeleteFileService.h */,
				6D88417821E06D6500DB8B27 /* GMLDeleteFileService.m */,
				6D88417F21E088AC00DB8B27 /* GMLLogService.h */,
				6D88418021E088AC00DB8B27 /* GMLLogService.m */,
				6D88418221E0A1B400DB8B27 /* GMLFilterService.h */,
				6D88418321E0A1B400DB8B27 /* GMLFilterService.m */,
				6DBB5A5121E1C4D200305AB9 /* GMLFileService.h */,
				6DBB5A5221E1C4D200305AB9 /* GMLFileService.m */,
				6DBB5A5421E1C5FB00305AB9 /* GMLFolderService.h */,
				6DBB5A5521E1C5FB00305AB9 /* GMLFolderService.m */,
			);
			path = FileService;
			sourceTree = "<group>";
		};
		6D88417A21E06D8B00DB8B27 /* Mode */ = {
			isa = PBXGroup;
			children = (
				1828F93921DEF9F500ADE215 /* YMFileMode.h */,
				1828F93A21DEF9F500ADE215 /* YMFileMode.m */,
				18BB152221DF25540043CBA6 /* YMProjectMode.h */,
				18BB152321DF25540043CBA6 /* YMProjectMode.m */,
				6D88418521E0DAAA00DB8B27 /* GMLFolderGroupingMode.h */,
				6D88418621E0DAAA00DB8B27 /* GMLFolderGroupingMode.m */,
				6DBB5A5721E211BB00305AB9 /* GMLFileMode.h */,
				6DBB5A5821E211BB00305AB9 /* GMLFileMode.m */,
			);
			path = Mode;
			sourceTree = "<group>";
		};
		6D88417B21E07F7D00DB8B27 /* Constants */ = {
			isa = PBXGroup;
			children = (
			);
			path = Constants;
			sourceTree = "<group>";
		};
		6D88418C21E0F7D300DB8B27 /* Other */ = {
			isa = PBXGroup;
			children = (
				6D88418D21E0F7F100DB8B27 /* GMLProjectGroupingHelper.h */,
				6D88418E21E0F7F100DB8B27 /* GMLProjectGroupingHelper.m */,
			);
			path = Other;
			sourceTree = "<group>";
		};
		6DBB5A5A21E215EC00305AB9 /* NSString+Extension */ = {
			isa = PBXGroup;
			children = (
				6DBB5A5B21E2161300305AB9 /* NSString+GMLPathTools.h */,
				6DBB5A5C21E2161300305AB9 /* NSString+GMLPathTools.m */,
				6DBB5A5E21E218DF00305AB9 /* GMLPathDefineTypeHeader.h */,
				6D88417C21E07F9B00DB8B27 /* GMLFileConstants.h */,
				6D88417D21E07F9B00DB8B27 /* GMLFileConstants.m */,
			);
			path = "NSString+Extension";
			sourceTree = "<group>";
		};
/* End PBXGroup section */

/* Begin PBXNativeTarget section */
		1828F92821DEF72600ADE215 /* YMSearchFile */ = {
			isa = PBXNativeTarget;
			buildConfigurationList = 1828F93021DEF72600ADE215 /* Build configuration list for PBXNativeTarget "YMSearchFile" */;
			buildPhases = (
				1828F92521DEF72600ADE215 /* Sources */,
				1828F92621DEF72600ADE215 /* Frameworks */,
				1828F92721DEF72600ADE215 /* CopyFiles */,
			);
			buildRules = (
			);
			dependencies = (
			);
			name = YMSearchFile;
			productName = YMSearchFile;
			productReference = 1828F92921DEF72600ADE215 /* YMSearchFile */;
			productType = "com.apple.product-type.tool";
		};
/* End PBXNativeTarget section */

/* Begin PBXProject section */
		1828F92121DEF72600ADE215 /* Project object */ = {
			isa = PBXProject;
			attributes = {
				LastUpgradeCheck = 1010;
				ORGANIZATIONNAME = apple;
				TargetAttributes = {
					1828F92821DEF72600ADE215 = {
						CreatedOnToolsVersion = 10.1;
					};
				};
			};
			buildConfigurationList = 1828F92421DEF72600ADE215 /* Build configuration list for PBXProject "YMSearchFile" */;
			compatibilityVersion = "Xcode 9.3";
			developmentRegion = en;
			hasScannedForEncodings = 0;
			knownRegions = (
				en,
			);
			mainGroup = 1828F92021DEF72600ADE215;
			productRefGroup = 1828F92A21DEF72600ADE215 /* Products */;
			projectDirPath = "";
			projectRoot = "";
			targets = (
				1828F92821DEF72600ADE215 /* YMSearchFile */,
			);
		};
/* End PBXProject section */

/* Begin PBXSourcesBuildPhase section */
		1828F92521DEF72600ADE215 /* Sources */ = {
			isa = PBXSourcesBuildPhase;
			buildActionMask = 2147483647;
			files = (
				1828F93B21DEF9F500ADE215 /* YMFileMode.m in Sources */,
				6D88418F21E0F7F100DB8B27 /* GMLProjectGroupingHelper.m in Sources */,
				6DBB5A5321E1C4D200305AB9 /* GMLFileService.m in Sources */,
				6D88418121E088AC00DB8B27 /* GMLLogService.m in Sources */,
				6D88418721E0DAAA00DB8B27 /* GMLFolderGroupingMode.m in Sources */,
				6D88418421E0A1B400DB8B27 /* GMLFilterService.m in Sources */,
				1828F94121DF000400ADE215 /* YMParserFileService.m in Sources */,
				1828F92D21DEF72600ADE215 /* main.m in Sources */,
				6DBB5A5D21E2161300305AB9 /* NSString+GMLPathTools.m in Sources */,
				6D88417E21E07F9B00DB8B27 /* GMLFileConstants.m in Sources */,
				1828F93821DEF7E400ADE215 /* YMSearchFileService.m in Sources */,
				1828F93E21DEFB2400ADE215 /* YMXcodeProjectFileService.m in Sources */,
				6D88417921E06D6500DB8B27 /* GMLDeleteFileService.m in Sources */,
				6D88417621E06C7F00DB8B27 /* GMLFileGroupingService.m in Sources */,
				6DBB5A5921E211BB00305AB9 /* GMLFileMode.m in Sources */,
				6DBB5A5621E1C5FB00305AB9 /* GMLFolderService.m in Sources */,
				18BB152421DF25540043CBA6 /* YMProjectMode.m in Sources */,
			);
			runOnlyForDeploymentPostprocessing = 0;
		};
/* End PBXSourcesBuildPhase section */

/* Begin XCBuildConfiguration section */
		1828F92E21DEF72600ADE215 /* Debug */ = {
			isa = XCBuildConfiguration;
			buildSettings = {
				ALWAYS_SEARCH_USER_PATHS = NO;
				CLANG_ANALYZER_NONNULL = YES;
				CLANG_ANALYZER_NUMBER_OBJECT_CONVERSION = YES_AGGRESSIVE;
				CLANG_CXX_LANGUAGE_STANDARD = "gnu++14";
				CLANG_CXX_LIBRARY = "libc++";
				CLANG_ENABLE_MODULES = YES;
				CLANG_ENABLE_OBJC_ARC = YES;
				CLANG_ENABLE_OBJC_WEAK = YES;
				CLANG_WARN_BLOCK_CAPTURE_AUTORELEASING = YES;
				CLANG_WARN_BOOL_CONVERSION = YES;
				CLANG_WARN_COMMA = YES;
				CLANG_WARN_CONSTANT_CONVERSION = YES;
				CLANG_WARN_DEPRECATED_OBJC_IMPLEMENTATIONS = YES;
				CLANG_WARN_DIRECT_OBJC_ISA_USAGE = YES_ERROR;
				CLANG_WARN_DOCUMENTATION_COMMENTS = YES;
				CLANG_WARN_EMPTY_BODY = YES;
				CLANG_WARN_ENUM_CONVERSION = YES;
				CLANG_WARN_INFINITE_RECURSION = YES;
				CLANG_WARN_INT_CONVERSION = YES;
				CLANG_WARN_NON_LITERAL_NULL_CONVERSION = YES;
				CLANG_WARN_OBJC_IMPLICIT_RETAIN_SELF = YES;
				CLANG_WARN_OBJC_LITERAL_CONVERSION = YES;
				CLANG_WARN_OBJC_ROOT_CLASS = YES_ERROR;
				CLANG_WARN_RANGE_LOOP_ANALYSIS = YES;
				CLANG_WARN_STRICT_PROTOTYPES = YES;
				CLANG_WARN_SUSPICIOUS_MOVE = YES;
				CLANG_WARN_UNGUARDED_AVAILABILITY = YES_AGGRESSIVE;
				CLANG_WARN_UNREACHABLE_CODE = YES;
				CLANG_WARN__DUPLICATE_METHOD_MATCH = YES;
				CODE_SIGN_IDENTITY = "Mac Developer";
				COPY_PHASE_STRIP = NO;
				DEBUG_INFORMATION_FORMAT = dwarf;
				ENABLE_STRICT_OBJC_MSGSEND = YES;
				ENABLE_TESTABILITY = YES;
				GCC_C_LANGUAGE_STANDARD = gnu11;
				GCC_DYNAMIC_NO_PIC = NO;
				GCC_NO_COMMON_BLOCKS = YES;
				GCC_OPTIMIZATION_LEVEL = 0;
				GCC_PREPROCESSOR_DEFINITIONS = (
					"DEBUG=1",
					"$(inherited)",
				);
				GCC_WARN_64_TO_32_BIT_CONVERSION = YES;
				GCC_WARN_ABOUT_RETURN_TYPE = YES_ERROR;
				GCC_WARN_UNDECLARED_SELECTOR = YES;
				GCC_WARN_UNINITIALIZED_AUTOS = YES_AGGRESSIVE;
				GCC_WARN_UNUSED_FUNCTION = YES;
				GCC_WARN_UNUSED_VARIABLE = YES;
				MACOSX_DEPLOYMENT_TARGET = 10.14;
				MTL_ENABLE_DEBUG_INFO = INCLUDE_SOURCE;
				MTL_FAST_MATH = YES;
				ONLY_ACTIVE_ARCH = YES;
				SDKROOT = macosx;
			};
			name = Debug;
		};
		1828F92F21DEF72600ADE215 /* Release */ = {
			isa = XCBuildConfiguration;
			buildSettings = {
				ALWAYS_SEARCH_USER_PATHS = NO;
				CLANG_ANALYZER_NONNULL = YES;
				CLANG_ANALYZER_NUMBER_OBJECT_CONVERSION = YES_AGGRESSIVE;
				CLANG_CXX_LANGUAGE_STANDARD = "gnu++14";
				CLANG_CXX_LIBRARY = "libc++";
				CLANG_ENABLE_MODULES = YES;
				CLANG_ENABLE_OBJC_ARC = YES;
				CLANG_ENABLE_OBJC_WEAK = YES;
				CLANG_WARN_BLOCK_CAPTURE_AUTORELEASING = YES;
				CLANG_WARN_BOOL_CONVERSION = YES;
				CLANG_WARN_COMMA = YES;
				CLANG_WARN_CONSTANT_CONVERSION = YES;
				CLANG_WARN_DEPRECATED_OBJC_IMPLEMENTATIONS = YES;
				CLANG_WARN_DIRECT_OBJC_ISA_USAGE = YES_ERROR;
				CLANG_WARN_DOCUMENTATION_COMMENTS = YES;
				CLANG_WARN_EMPTY_BODY = YES;
				CLANG_WARN_ENUM_CONVERSION = YES;
				CLANG_WARN_INFINITE_RECURSION = YES;
				CLANG_WARN_INT_CONVERSION = YES;
				CLANG_WARN_NON_LITERAL_NULL_CONVERSION = YES;
				CLANG_WARN_OBJC_IMPLICIT_RETAIN_SELF = YES;
				CLANG_WARN_OBJC_LITERAL_CONVERSION = YES;
				CLANG_WARN_OBJC_ROOT_CLASS = YES_ERROR;
				CLANG_WARN_RANGE_LOOP_ANALYSIS = YES;
				CLANG_WARN_STRICT_PROTOTYPES = YES;
				CLANG_WARN_SUSPICIOUS_MOVE = YES;
				CLANG_WARN_UNGUARDED_AVAILABILITY = YES_AGGRESSIVE;
				CLANG_WARN_UNREACHABLE_CODE = YES;
				CLANG_WARN__DUPLICATE_METHOD_MATCH = YES;
				CODE_SIGN_IDENTITY = "Mac Developer";
				COPY_PHASE_STRIP = NO;
				DEBUG_INFORMATION_FORMAT = "dwarf-with-dsym";
				ENABLE_NS_ASSERTIONS = NO;
				ENABLE_STRICT_OBJC_MSGSEND = YES;
				GCC_C_LANGUAGE_STANDARD = gnu11;
				GCC_NO_COMMON_BLOCKS = YES;
				GCC_WARN_64_TO_32_BIT_CONVERSION = YES;
				GCC_WARN_ABOUT_RETURN_TYPE = YES_ERROR;
				GCC_WARN_UNDECLARED_SELECTOR = YES;
				GCC_WARN_UNINITIALIZED_AUTOS = YES_AGGRESSIVE;
				GCC_WARN_UNUSED_FUNCTION = YES;
				GCC_WARN_UNUSED_VARIABLE = YES;
				MACOSX_DEPLOYMENT_TARGET = 10.14;
				MTL_ENABLE_DEBUG_INFO = NO;
				MTL_FAST_MATH = YES;
				SDKROOT = macosx;
			};
			name = Release;
		};
		1828F93121DEF72600ADE215 /* Debug */ = {
			isa = XCBuildConfiguration;
			buildSettings = {
				CODE_SIGN_STYLE = Automatic;
				DEVELOPMENT_TEAM = 29W9687J6A;
				PRODUCT_NAME = "$(TARGET_NAME)";
			};
			name = Debug;
		};
		1828F93221DEF72600ADE215 /* Release */ = {
			isa = XCBuildConfiguration;
			buildSettings = {
				CODE_SIGN_STYLE = Automatic;
				DEVELOPMENT_TEAM = 29W9687J6A;
				PRODUCT_NAME = "$(TARGET_NAME)";
			};
			name = Release;
		};
/* End XCBuildConfiguration section */

/* Begin XCConfigurationList section */
		1828F92421DEF72600ADE215 /* Build configuration list for PBXProject "YMSearchFile" */ = {
			isa = XCConfigurationList;
			buildConfigurations = (
				1828F92E21DEF72600ADE215 /* Debug */,
				1828F92F21DEF72600ADE215 /* Release */,
			);
			defaultConfigurationIsVisible = 0;
			defaultConfigurationName = Release;
		};
		1828F93021DEF72600ADE215 /* Build configuration list for PBXNativeTarget "YMSearchFile" */ = {
			isa = XCConfigurationList;
			buildConfigurations = (
				1828F93121DEF72600ADE215 /* Debug */,
				1828F93221DEF72600ADE215 /* Release */,
			);
			defaultConfigurationIsVisible = 0;
			defaultConfigurationName = Release;
		};
/* End XCConfigurationList section */
	};
	rootObject = 1828F92121DEF72600ADE215 /* Project object */;
}
